
Microsoft Visual Studio Solution File, Format Version 12.00
# Visual Studio Version 17
VisualStudioVersion = 17.0.32014.148
MinimumVisualStudioVersion = 10.0.40219.1
Project("{FAE04EC0-301F-11D3-BF4B-00C04F79EFBC}") = "TestApp", "TestApp\TestApp.csproj", "{3BD1CD02-D0B8-42A3-8CE0-A3DDF46D3F6A}"
EndProject
Project("{FAE04EC0-301F-11D3-BF4B-00C04F79EFBC}") = "Audiosurf2_Tools", "Audiosurf2_Tools\Audiosurf2_Tools.csproj", "{3DA5EA78-12E7-48C4-A621-D1B6C584FC96}"
EndProject
Global
	GlobalSection(SolutionConfigurationPlatforms) = preSolution
		Debug|Any CPU = Debug|Any CPU
		Release|Any CPU = Release|Any CPU
	EndGlobalSection
	GlobalSection(ProjectConfigurationPlatforms) = postSolution
		{3BD1CD02-D0B8-42A3-8CE0-A3DDF46D3F6A}.Debug|Any CPU.ActiveCfg = Debug|Any CPU
		{3BD1CD02-D0B8-42A3-8CE0-A3DDF46D3F6A}.Debug|Any CPU.Build.0 = Debug|Any CPU
		{3BD1CD02-D0B8-42A3-8CE0-A3DDF46D3F6A}.Release|Any CPU.ActiveCfg = Release|Any CPU
		{3BD1CD02-D0B8-42A3-8CE0-A3DDF46D3F6A}.Release|Any CPU.Build.0 = Release|Any CPU
		{3DA5EA78-12E7-48C4-A621-D1B6C584FC96}.Debug|Any CPU.ActiveCfg = Debug|Any CPU
		{3DA5EA78-12E7-48C4-A621-D1B6C584FC96}.Debug|Any CPU.Build.0 = Debug|Any CPU
		{3DA5EA78-12E7-48C4-A621-D1B6C584FC96}.Release|Any CPU.ActiveCfg = Release|Any CPU
		{3DA5EA78-12E7-48C4-A621-D1B6C584FC96}.Release|Any CPU.Build.0 = Release|Any CPU
	EndGlobalSection
	GlobalSection(SolutionProperties) = preSolution
		HideSolutionNode = FALSE
	EndGlobalSection
	GlobalSection(ExtensibilityGlobals) = postSolution
		SolutionGuid = {9378B711-CDFF-4E42-98B9-FEEA08AE8DEE}
	EndGlobalSection
EndGlobal
